
Microsoft Visual Studio Solution File, Format Version 12.00
# Visual Studio Version 16
VisualStudioVersion = 16.0.30011.22
MinimumVisualStudioVersion = 10.0.40219.1
Project("{FAE04EC0-301F-11D3-BF4B-00C04F79EFBC}") = "Stored_deneme1", "Stored_deneme1\Stored_deneme1.csproj", "{69B8622B-78D6-4F57-AB14-D19426C3D4F4}"
EndProject
Global
	GlobalSection(SolutionConfigurationPlatforms) = preSolution
		Debug|Any CPU = Debug|Any CPU
		Release|Any CPU = Release|Any CPU
	EndGlobalSection
	GlobalSection(ProjectConfigurationPlatforms) = postSolution
		{69B8622B-78D6-4F57-AB14-D19426C3D4F4}.Debug|Any CPU.ActiveCfg = Debug|Any CPU
		{69B8622B-78D6-4F57-AB14-D19426C3D4F4}.Debug|Any CPU.Build.0 = Debug|Any CPU
		{69B8622B-78D6-4F57-AB14-D19426C3D4F4}.Release|Any CPU.ActiveCfg = Release|Any CPU
		{69B8622B-78D6-4F57-AB14-D19426C3D4F4}.Release|Any CPU.Build.0 = Release|Any CPU
	EndGlobalSection
	GlobalSection(SolutionProperties) = preSolution
		HideSolutionNode = FALSE
	EndGlobalSection
	GlobalSection(ExtensibilityGlobals) = postSolution
		SolutionGuid = {CBAAC9C9-9430-4AE6-803D-114A8331E108}
	EndGlobalSection
EndGlobal
